
Microsoft Visual Studio Solution File, Format Version 12.00
# Visual Studio Version 16
VisualStudioVersion = 25.0.1700.5
MinimumVisualStudioVersion = 10.0.40219.1
Project("{FAE04EC0-301F-11D3-BF4B-00C04F79EFBC}") = "ProgramaFiguras", "ProgramaFiguras\ProgramaFiguras.csproj", "{F3192696-5279-476A-B4B1-90247334BBA2}"
EndProject
Global
	GlobalSection(SolutionConfigurationPlatforms) = preSolution
		Debug|Any CPU = Debug|Any CPU
		Release|Any CPU = Release|Any CPU
	EndGlobalSection
	GlobalSection(ProjectConfigurationPlatforms) = postSolution
		{F3192696-5279-476A-B4B1-90247334BBA2}.Debug|Any CPU.ActiveCfg = Debug|Any CPU
		{F3192696-5279-476A-B4B1-90247334BBA2}.Debug|Any CPU.Build.0 = Debug|Any CPU
		{F3192696-5279-476A-B4B1-90247334BBA2}.Release|Any CPU.ActiveCfg = Release|Any CPU
		{F3192696-5279-476A-B4B1-90247334BBA2}.Release|Any CPU.Build.0 = Release|Any CPU
	EndGlobalSection
	GlobalSection(SolutionProperties) = preSolution
		HideSolutionNode = FALSE
	EndGlobalSection
	GlobalSection(ExtensibilityGlobals) = postSolution
		SolutionGuid = {5E853FED-22C0-4236-AFA6-37FE7AE2143C}
	EndGlobalSection
EndGlobal
